{
  "version": 4,
  "terraform_version": "1.14.5",
  "serial": 1,
  "lineage": "9f7e7b65-d7d7-4f77-4bde-cc16fbb5e292",
  "outputs": {},
  "resources": [
    {
      "mode": "managed",
      "type": "local_file",
      "name": "devops_mission",
      "provider": "provider[\"registry.terraform.io/hashicorp/local\"]",
      "instances": [
        {
          "schema_version": 0,
          "attributes": {
            "content": "Стать DevOps инженером к середине 2026 года!",
            "content_base64": null,
            "content_base64sha256": "Ke/n8xA/BAML+9IstKHYvwLANgRXgeH7h4ON9MpLG9Q=",
            "content_base64sha512": "+ODsuJlpHFR3cA4jiZRsDgaa0Gz2oJoDUAfrjJHVhTL6EmZMJ1CBIzqL2UmDHT201SqhQ6VbT9B3NUj9h81V8w==",
            "content_md5": "b4a7e8318cccbbaa8199318b3b2e9978",
            "content_sha1": "9e8975e4e51750327eff7410c99f5dba993b890a",
            "content_sha256": "29efe7f3103f04030bfbd22cb4a1d8bf02c036045781e1fb87838df4ca4b1bd4",
            "content_sha512": "f8e0ecb899691c5477700e2389946c0e069ad06cf6a09a035007eb8c91d58532fa12664c275081233a8bd949831d3db4d52aa143a55b4fd0773548fd87cd55f3",
            "directory_permission": "0777",
            "file_permission": "0777",
            "filename": "./mission.txt",
            "id": "9e8975e4e51750327eff7410c99f5dba993b890a",
            "sensitive_content": null,
            "source": null
          },
          "sensitive_attributes": [
            [
              {
                "type": "get_attr",
                "value": "sensitive_content"
              }
            ]
          ],
          "identity_schema_version": 0
        }
      ]
    }
  ],
  "check_results": null
}
